github.com/Azure/go-ansiterm v0.0.0-20210617225240-d185dfc1b5a1 h1:UQHMgLO+TxOElx5B5HZ4hJQsoJ/PvUvKRhJHDQXO8P8=
github.com/BurntSushi/toml v1.0.0 h1:dtDWrepsVPfW9H/4y7dDgFc2MBUSeJhlaDtK13CxFlU=
github.com/DATA-DOG/go-sqlmock v1.5.0 h1:Shsta01QNfFxHCfpW6YH2STWB0MudeXXEWMr20OEh60=
github.com/MakeNowJust/heredoc v0.0.0-20170808103936-bb23615498cd h1:sjQovDkwrZp8u+gxLtPgKGjk5hCxuy2hrRejBTA9xFU=
github.com/Masterminds/goutils v1.1.1 h1:5nUrii3FMTL5diU80unEVvNevw1nH4+ZV4DSLVJLSYI=
github.com/Masterminds/semver/v3 v3.1.1 h1:hLg3sBzpNErnxhQtUy/mmLR2I9foDujNK030IGemrRc=
github.com/Masterminds/sprig/v3 v3.2.2 h1:17jRggJu518dr3QaafizSXOjKYp94wKfABxUmyxvxX8=
github.com/Masterminds/squirrel v1.5.3 h1:YPpoceAcxuzIljlr5iWpNKaql7hLeG1KLSrhvdHpkZc=
github.com/Microsoft/go-winio v0.5.1 h1:aPJp2QD7OOrhO5tQXqQoGSJc+DjDtWTGLOmNyAm6FgY=
github.com/Microsoft/hcsshim v0.9.3 h1:k371PzBuRrz2b+ebGuI2nVgVhgsVX60jMfSw80NECxo=
github.com/Shopify/logrus-bugsnag v0.0.0-20171204204709-577dee27f20d h1:UrqY+r/OJnIp5u0s1SbQ8dVfLCZJsnvazdBP5hS4iRs=
github.com/armon/go-socks5 v0.0.0-20160902184237-e75332964ef5 h1:0CwZNZbxp69SHPdPJAN/hZIm0C4OItdklCFmMRWYpio=
github.com/asaskevich/govalidator v0.0.0-20200428143746-21a406dcc535 h1:4daAzAu0S6Vi7/lbWECcX0j45yZReDZ56BQsrVBOEEY=
github.com/beorn7/perks v1.0.1 h1:VlbKKnNfV8bJzeqoa4cOKqO6bYr3WgKZxO8Z16+hsOM=
github.com/bshuster-repo/logrus-logstash-hook v1.0.0 h1:e+C0SB5R1pu//O4MQ3f9cFuPGoOVeF2fE4Og9otCc70=
github.com/bugsnag/bugsnag-go v0.0.0-20141110184014-b1d153021fcd h1:rFt+Y/IK1aEZkEHchZRSq9OQbsSzIT/OrI8YFFmRIng=
github.com/bugsnag/osext v0.0.0-20130617224835-0dd3f918b21b h1:otBG+dV+YK+Soembjv71DPz3uX/V/6MMlSyD9JBQ6kQ=
github.com/bugsnag/panicwrap v0.0.0-20151223152923-e2c28503fcd0 h1:nvj0OLI3YqYXer/kZD8Ri1aaunCxIEsOst1BVJswV0o=
github.com/cespare/xxhash/v2 v2.1.2 h1:YRXhKfTDauu4ajMg1TPgFO5jnlC2HCbmLXMcTG5cbYE=
github.com/chai2010/gettext-go v0.0.0-20160711120539-c6fed771bfd5 h1:7aWHqerlJ41y6FOsEUvknqgXnGmJyJSbjhAWq5pO4F8=
github.com/containerd/cgroups v1.0.3 h1:ADZftAkglvCiD44c77s5YmMqaP2pzVCFZvBmAlBdAP4=
github.com/containerd/containerd v1.6.6 h1:xJNPhbrmz8xAMDNoVjHy9YHtWwEQNS+CDkcIRh7t8Y0=
github.com/creack/pty v1.1.11 h1:07n33Z8lZxZ2qwegKbObQohDhXDQxiMMz1NOUGYlesw=
github.com/cyphar/filepath-securejoin v0.2.3 h1:YX6ebbZCZP7VkM3scTTokDgBL2TY741X51MTk3ycuNI=
github.com/davecgh/go-spew v1.1.1 h1:vj9j/u1bqnvCEfJOwUhtlOARqs3+rkHYY13jYWTU97c=
github.com/distribution/distribution/v3 v3.0.0-20220526142353-ffbd94cbe269 h1:hbCT8ZPPMqefiAWD2ZKjn7ypokIGViTvBBg/ExLSdCk=
github.com/docker/cli v20.10.17+incompatible h1:eO2KS7ZFeov5UJeaDmIs1NFEDRf32PaqRpvoEkKBy5M=
github.com/docker/distribution v2.8.1+incompatible h1:Q50tZOPR6T/hjNsyc9g8/syEs6bk8XXApsHjKukMl68=
github.com/docker/docker v20.10.17+incompatible h1:JYCuMrWaVNophQTOrMMoSwudOVEfcegoZZrleKc1xwE=
github.com/docker/docker-credential-helpers v0.6.4 h1:axCks+yV+2MR3/kZhAmy07yC56WZ2Pwu/fKWtKuZB0o=
github.com/docker/go-connections v0.4.0 h1:El9xVISelRB7BuFusrZozjnkIM5YnzCViNKohAFqRJQ=
github.com/docker/go-events v0.0.0-20190806004212-e31b211e4f1c h1:+pKlWGMw7gf6bQ+oDZB4KHQFypsfjYlq/C4rfL7D3g8=
github.com/docker/go-metrics v0.0.1 h1:AgB/0SvBxihN0X8OR4SjsblXkbMvalQ8cjmtKQ2rQV8=
github.com/docker/go-units v0.4.0 h1:3uh0PgVws3nIA0Q+MwDC8yjEPf9zjRfZZWXZYDct3Tw=
github.com/docker/libtrust v0.0.0-20150114040149-fa567046d9b1 h1:ZClxb8laGDf5arXfYcAtECDFgAgHklGI8CxgjHnXKJ4=
github.com/elazarl/goproxy v0.0.0-20180725130230-947c36da3153 h1:yUdfgN0XgIJw7foRItutHYUIhlcKzcSf5vDpdhQAKTc=
github.com/emicklei/go-restful/v3 v3.9.0 h1:XwGDlfxEnQZzuopoqxwSEllNcCOM9DhhFyhFIIGKwxE=
github.com/evanphx/json-patch v5.6.0+incompatible h1:jBYDEEiFBPxA0v50tFdvOzQQTCvpL6mnFh5mB2/l16U=
github.com/exponent-io/jsonpath v0.0.0-20151013193312-d6023ce2651d h1:105gxyaGwCFad8crR9dcMQWvV9Hvulu6hwUh4tWPJnM=
github.com/fatih/color v1.13.0 h1:8LOYc1KYPPmyKMuN8QV2DNRWNbLo6LZ0iLs8+mlH53w=
github.com/felixge/httpsnoop v1.0.1 h1:lvB5Jl89CsZtGIWuTcDM1E/vkVs49/Ml7JJe07l8SPQ=
github.com/fsnotify/fsnotify v1.5.4 h1:jRbGcIw6P2Meqdwuo0H1p6JVLbL5DHKAKlYndzMwVZI=
github.com/go-errors/errors v1.0.1 h1:LUHzmkK3GUKUrL/1gfBUxAHzcev3apQlezX/+O7ma6w=
github.com/go-gorp/gorp/v3 v3.0.2 h1:ULqJXIekoqMx29FI5ekXXFoH1dT2Vc8UhnRzBg+Emz4=
github.com/go-logr/logr v1.2.3 h1:2DntVwHkVopvECVRSlL5PSo9eG+cAkDCuckLubN+rq0=
github.com/go-openapi/jsonpointer v0.19.5 h1:gZr+CIYByUqjcgeLXnQu2gHYQC9o73G2XUeOFYEICuY=
github.com/go-openapi/jsonreference v0.20.0 h1:MYlu0sBgChmCfJxxUKZ8g1cPWFOB37YSZqewK7OKeyA=
github.com/go-openapi/swag v0.21.1 h1:wm0rhTb5z7qpJRHBdPOMuY4QjVUMbF6/kwoYeRAOrKU=
github.com/go-sql-driver/mysql v1.6.0 h1:BCTh4TKNUYmOmMUcQ3IipzF5prigylS7XXjEkfCHuOE=
github.com/gobuffalo/logger v1.0.6 h1:nnZNpxYo0zx+Aj9RfMPBm+x9zAU2OayFh/xrAWi34HU=
github.com/gobuffalo/packd v1.0.1 h1:U2wXfRr4E9DH8IdsDLlRFwTZTK7hLfq9qT/QHXGVe/0=
github.com/gobuffalo/packr/v2 v2.8.3 h1:xE1yzvnO56cUC0sTpKR3DIbxZgB54AftTFMhB2XEWlY=
github.com/gobwas/glob v0.2.3 h1:A4xDbljILXROh+kObIiy5kIaPYD8e96x1tgBhUI5J+Y=
github.com/gogo/protobuf v1.3.2 h1:Ov1cvc58UF3b5XjBnZv7+opcTcQFZebYjWzi34vdm4Q=
github.com/golang/groupcache v0.0.0-20210331224755-41bb18bfe9da h1:oI5xCqsCo564l8iNU+DwB5epxmsaqB+rhGL0m5jtYqE=
github.com/golang/protobuf v1.5.2 h1:ROPKBNFfQgOUMifHyP+KYbvpjbdoFNs+aK7DXlji0Tw=
github.com/gomodule/redigo v1.8.2 h1:H5XSIre1MB5NbPYFp+i1NBbb5qN1W8Y8YAQoAYbkm8k=
github.com/google/btree v1.0.1 h1:gK4Kx5IaGY9CD5sPJ36FHiBJ6ZXl0kilRiiCj+jdYp4=
github.com/google/gnostic v0.6.9 h1:ZK/5VhkoX835RikCHpSUJV9a+S3e1zLh59YnyWeBW+0=
github.com/google/go-cmp v0.5.8 h1:e6P7q2lk1O+qJJb4BtCQXlK8vWEO8V1ZeuEdJNOqZyg=
github.com/google/gofuzz v1.2.0 h1:xRy4A+RhZaiKjJ1bPfwQ8sedCA+YS2YcCHW6ec7JMi0=
github.com/google/shlex v0.0.0-20191202100458-e7afc7fbc510 h1:El6M4kTTCOh6aBiKaUGG7oYTSPP8MxqL4YI3kZKwcP4=
github.com/google/uuid v1.3.0 h1:t6JiXgmwXMjEs8VusXIJk2BXHsn+wx8BZdTaoZ5fu7I=
github.com/gorilla/handlers v1.5.1 h1:9lRY6j8DEeeBT10CvO9hGW0gmky0BprnvDI5vfhUHH4=
github.com/gorilla/mux v1.8.0 h1:i40aqfkR1h2SlN9hojwV5ZA91wcXFOvkdNIeFDP5koI=
github.com/gosuri/uitable v0.0.4 h1:IG2xLKRvErL3uhY6e1BylFzG+aJiwQviDDTfOKeKTpY=
github.com/gregjones/httpcache v0.0.0-20180305231024-9cad4c3443a7 h1:pdN6V1QBWetyv/0+wjACpqVH+eVULgEjkurDLq3goeM=
github.com/huandu/xstrings v1.3.2 h1:L18LIDzqlW6xN2rEkpdV8+oL/IXWJ1APd+vsdYy4Wdw=
github.com/imdario/mergo v0.3.13 h1:lFzP57bqS/wsqKssCGmtLAb8A0wKjLGrve2q3PPVcBk=
github.com/inconshreveable/mousetrap v1.0.0 h1:Z8tu5sraLXCXIcARxBp/8cbvlwVa7Z1NHg9XEKhtSvM=
github.com/jmoiron/sqlx v1.3.5 h1:vFFPA71p1o5gAeqtEAwLU4dnX2napprKtHr7PYIcN3g=
github.com/josharian/intern v1.0.0 h1:vlS4z54oSdjm0bgjRigI+G1HpF+tI+9rE5LLzOg8HmY=
github.com/json-iterator/go v1.1.12 h1:PV8peI4a0ysnczrg+LtxykD8LfKY9ML6u2jnxaEnrnM=
github.com/karrick/godirwalk v1.16.1 h1:DynhcF+bztK8gooS0+NDJFrdNZjJ3gzVzC545UNA9iw=
github.com/klauspost/compress v1.13.6 h1:P76CopJELS0TiO2mebmnzgWaajssP/EszplttgQxcgc=
github.com/kr/pretty v0.2.1 h1:Fmg33tUaq4/8ym9TJN1x7sLJnHVwhP33CNkpYV/7rwI=
github.com/kr/text v0.2.0 h1:5Nx0Ya0ZqY2ygV366QzturHI13Jq95ApcVaJBhpS+AY=
github.com/lann/builder v0.0.0-20180802200727-47ae307949d0 h1:SOEGU9fKiNWd/HOJuq6+3iTQz8KNCLtVX6idSoTLdUw=
github.com/lann/ps v0.0.0-20150810152359-62de8c46ede0 h1:P6pPBnrTSX3DEVR4fDembhRWSsG5rVo6hYhAB/ADZrk=
github.com/lib/pq v1.10.6 h1:jbk+ZieJ0D7EVGJYpL9QTz7/YW6UHbmdnZWYyK5cdBs=
github.com/liggitt/tabwriter v0.0.0-20181228230101-89fcab3d43de h1:9TO3cAIGXtEhnIaL+V+BEER86oLrvS+kWobKpbJuye0=
github.com/mailru/easyjson v0.7.7 h1:UGYAvKxe3sBsEDzO8ZeWOSlIQfWFlxbzLZe7hwFURr0=
github.com/markbates/errx v1.1.0 h1:QDFeR+UP95dO12JgW+tgi2UVfo0V8YBHiUIOaeBPiEI=
github.com/markbates/oncer v1.0.0 h1:E83IaVAHygyndzPimgUYJjbshhDTALZyXxvk9FOlQRY=
github.com/markbates/safe v1.0.1 h1:yjZkbvRM6IzKj9tlu/zMJLS0n/V351OZWRnF3QfaUxI=
github.com/mattn/go-colorable v0.1.12 h1:jF+Du6AlPIjs2BiUiQlKOX0rt3SujHxPnksPKZbaA40=
github.com/mattn/go-isatty v0.0.14 h1:yVuAays6BHfxijgZPzw+3Zlu5yQgKGP2/hcQbHb7S9Y=
github.com/mattn/go-runewidth v0.0.13 h1:lTGmDsbAYt5DmK6OnoV7EuIF1wEIFAcxld6ypU4OSgU=
github.com/mattn/go-sqlite3 v1.14.6 h1:dNPt6NO46WmLVt2DLNpwczCmdV5boIZ6g/tlDrlRUbg=
github.com/matttproud/golang_protobuf_extensions v1.0.2-0.20181231171920-c182affec369 h1:I0XW9+e1XWDxdcEniV4rQAIOPUGDq67JSCiRCgGCZLI=
github.com/mitchellh/copystructure v1.2.0 h1:vpKXTN4ewci03Vljg/q9QvCGUDttBOGBIa15WveJJGw=
github.com/mitchellh/go-wordwrap v1.0.0 h1:6GlHJ/LTGMrIJbwgdqdl2eEH8o+Exx/0m8ir9Gns0u4=
github.com/mitchellh/reflectwalk v1.0.2 h1:G2LzWKi524PWgd3mLHV8Y5k7s6XUvT0Gef6zxSIeXaQ=
github.com/mittwald/go-helm-client v0.11.3 h1:x1HcdPkWO8F+vSdUIrrz0MYO8vlSAwTOzTv2v+LfDC8=
github.com/moby/locker v1.0.1 h1:fOXqR41zeveg4fFODix+1Ch4mj/gT0NE1XJbp/epuBg=
github.com/moby/spdystream v0.2.0 h1:cjW1zVyyoiM0T7b6UoySUFqzXMoqRckQtXwGPiBhOM8=
github.com/moby/sys/mountinfo v0.5.0 h1:2Ks8/r6lopsxWi9m58nlwjaeSzUX9iiL1vj5qB/9ObI=
github.com/moby/term v0.0.0-20210619224110-3f7ff695adc6 h1:dcztxKSvZ4Id8iPpHERQBbIJfabdt4wUm5qy3wOL2Zc=
github.com/modern-go/concurrent v0.0.0-20180306012644-bacd9c7ef1dd h1:TRLaZ9cD/w8PVh93nsPXa1VrQ6jlwL5oN8l14QlcNfg=
github.com/modern-go/reflect2 v1.0.2 h1:xBagoLtFs94CBntxluKeaWgTMpvLxC4ur3nMaC9Gz0M=
github.com/monochromegane/go-gitignore v0.0.0-20200626010858-205db1a8cc00 h1:n6/2gBQ3RWajuToeY6ZtZTIKv2v7ThUy5KKusIT0yc0=
github.com/morikuni/aec v1.0.0 h1:nP9CBfwrvYnBRgY6qfDQkygYDmYwOilePFkwzv4dU8A=
github.com/munnerz/goautoneg v0.0.0-20191010083416-a7dc8b61c822 h1:C3w9PqII01/Oq1c1nUAm88MOHcQC9l5mIlSMApZMrHA=
github.com/nxadm/tail v1.4.8 h1:nPr65rt6Y5JFSKQO7qToXr7pePgD6Gwiw05lkbyAQTE=
github.com/onsi/ginkgo v1.16.5 h1:8xi0RTUf59SOSfEtZMvwTvXYMzG4gV23XVHOZiXNtnE=
github.com/onsi/ginkgo/v2 v2.1.4 h1:GNapqRSid3zijZ9H77KrgVG4/8KqiyRsxcSxe+7ApXY=
github.com/onsi/gomega v1.19.0 h1:4ieX6qQjPP/BfC3mpsAtIGGlxTWPeA3Inl/7DtXw1tw=
github.com/opencontainers/go-digest v1.0.0 h1:apOUWs51W5PlhuyGyz9FCeeBIOUDA/6nW8Oi/yOhh5U=
github.com/opencontainers/image-spec v1.0.3-0.20211202183452-c5a74bcca799 h1:rc3tiVYb5z54aKaDfakKn0dDjIyPpTtszkjuMzyt7ec=
github.com/peterbourgon/diskv v2.0.1+incompatible h1:UBdAOUP5p4RWqPBg048CAvpKN+vxiaj6gdUUzhl4XmI=
github.com/phayes/freeport v0.0.0-20220201140144-74d24b5ae9f5 h1:Ii+DKncOVM8Cu1Hc+ETb5K+23HdAMvESYE3ZJ5b5cMI=
github.com/pkg/errors v0.9.1 h1:FEBLx1zS214owpjy7qsBeixbURkuhQAwrK5UwLGTwt4=
github.com/pmezard/go-difflib v1.0.0 h1:4DBwDE0NGyQoBHbLQYPwSUPoCMWR5BEzIk/f1lZbAQM=
github.com/poy/onpar v0.0.0-20190519213022-ee068f8ea4d1 h1:oL4IBbcqwhhNWh31bjOX8C/OCy0zs9906d/VUru+bqg=
github.com/prometheus/client_golang v1.12.2 h1:51L9cDoUHVrXx4zWYlcLQIZ+d+VXHgqnYKkIuq4g/34=
github.com/prometheus/client_model v0.2.0 h1:uq5h0d+GuxiXLJLNABMgp2qUWDPiLvgCzz2dUR+/W/M=
github.com/prometheus/common v0.37.0 h1:ccBbHCgIiT9uSoFY0vX8H3zsNR5eLt17/RQLUvn8pXE=
github.com/prometheus/procfs v0.8.0 h1:ODq8ZFEaYeCaZOJlZZdJA2AbQR98dSHSM1KW/You5mo=
github.com/rivo/uniseg v0.2.0 h1:S1pD9weZBuJdFmowNwbpi7BJ8TNftyUImj/0WQi72jY=
github.com/rubenv/sql-migrate v1.1.1 h1:haR5Hn8hbW9/SpAICrXoZqXnywS7Q5WijwkQENPeNWY=
github.com/russross/blackfriday v1.5.2 h1:HyvC0ARfnZBqnXwABFeSZHpKvJHJJfPz81GNueLj0oo=
github.com/sergi/go-diff v1.2.0 h1:XU+rvMAioB0UC3q1MFrIQy4Vo5/4VsRDQQXHsEya6xQ=
github.com/shopspring/decimal v1.2.0 h1:abSATXmQEYyShuxI4/vyW3tV1MrKAJzCZ/0zLUXYbsQ=
github.com/sirupsen/logrus v1.8.1 h1:dJKuHgqk1NNQlqoA6BTlM1Wf9DOH3NBjQyu0h9+AZZE=
github.com/spf13/cast v1.4.1 h1:s0hze+J0196ZfEMTs80N7UlFt0BDuQ7Q+JDnHiMWKdA=
github.com/spf13/cobra v1.5.0 h1:X+jTBEBqF0bHN+9cSMgmfuvv2VHJ9ezmFNf9Y/XstYU=
github.com/spf13/pflag v1.0.5 h1:iy+VFUOCP1a+8yFto/drg2CJ5u0yRoB7fZw3DKv/JXA=
github.com/stretchr/objx v0.2.0 h1:Hbg2NidpLE8veEBkEZTL3CvlkUIVzuU9jDplZO54c48=
github.com/stretchr/testify v1.7.2 h1:4jaiDzPyXQvSd7D0EjG45355tLlV3VOECpq10pLC+8s=
github.com/xeipuuv/gojsonpointer v0.0.0-20180127040702-4e3ac2762d5f h1:J9EGpcZtP0E/raorCMxlFGSTBrsSlaDGf3jU/qvAE2c=
github.com/xeipuuv/gojsonreference v0.0.0-20180127040603-bd5ef7bd5415 h1:EzJWgHovont7NscjpAxXsDA8S8BMYve8Y5+7cuRE7R0=
github.com/xeipuuv/gojsonschema v1.2.0 h1:LhYJRs+L4fBtjZUfuSZIKGeVu0QRy8e5Xi7D17UxZ74=
github.com/xlab/treeprint v0.0.0-20181112141820-a009c3971eca h1:1CFlNzQhALwjS9mBAUkycX616GzgsuYUOCHA5+HSlXI=
github.com/yvasiyarov/go-metrics v0.0.0-20140926110328-57bccd1ccd43 h1:+lm10QQTNSBd8DVTNGHx7o/IKu9HYDvLMffDhbyLccI=
github.com/yvasiyarov/gorelic v0.0.0-20141212073537-a9bba5b9ab50 h1:hlE8//ciYMztlGpl/VA+Zm1AcTPHYkHJPbHqE6WJUXE=
github.com/yvasiyarov/newrelic_platform_go v0.0.0-20140908184405-b21fdbd4370f h1:ERexzlUfuTvpE74urLSbIQW0Z/6hF9t8U4NsJLaioAY=
github.com/ziutek/mymysql v1.5.4 h1:GB0qdRGsTwQSBVYuVShFBKaXSnSnYYC2d9knnE1LHFs=
go.opencensus.io v0.23.0 h1:gqCw0LfLxScz8irSi8exQc7fyQ0fKQU/qnC/X8+V/1M=
go.starlark.net v0.0.0-20200306205701-8dd3e2ee1dd5 h1:+FNtrFTmVw0YZGpBGX56XDee331t6JAXeK2bcyhLOOc=
golang.org/x/crypto v0.0.0-20220525230936-793ad666bf5e h1:T8NU3HyQ8ClP4SEE+KbFlg6n0NhuTsN4MyznaarGsZM=
golang.org/x/net v0.0.0-20220802222814-0bcc04d9c69b h1:3ogNYyK4oIQdIKzTu68hQrr4iuVxF3AxKl9Aj/eDrw0=
golang.org/x/oauth2 v0.0.0-20220722155238-128564f6959c h1:q3gFqPqH7NVofKo3c3yETAP//pPI+G5mvB7qqj1Y5kY=
golang.org/x/sync v0.0.0-20220601150217-0de741cfad7f h1:Ax0t5p6N38Ga0dThY21weqDEyz2oklo4IvDkpigvkD8=
golang.org/x/sys v0.0.0-20220731174439-a90be440212d h1:Sv5ogFZatcgIMMtBSTTAgMYsicp25MXBubjXNDKwm80=
golang.org/x/term v0.0.0-20220722155259-a9ba230a4035 h1:Q5284mrmYTpACcm+eAKjKJH48BBwSyfJqmmGDTtT8Vc=
golang.org/x/text v0.3.7 h1:olpwvP2KacW1ZWvsR7uQhoyTYvKAupfQrRGBFM352Gk=
golang.org/x/time v0.0.0-20220722155302-e5dcc9cfc0b9 h1:ftMN5LMiBFjbzleLqtoBZk7KdJwhuybIU+FckUHgoyQ=
google.golang.org/appengine v1.6.7 h1:FZR1q0exgwxzPzp/aF+VccGrSfxfPpkBqjIIEq3ru6c=
google.golang.org/genproto v0.0.0-20220616135557-88e70c0c3a90 h1:4SPz2GL2CXJt28MTF8V6Ap/9ZiVbQlJeGSd9qtA7DLs=
google.golang.org/grpc v1.47.0 h1:9n77onPX5F3qfFCqjy9dhn8PbNQsIKeVU04J9G7umt8=
google.golang.org/protobuf v1.28.1 h1:d0NfwRgPtno5B1Wa6L2DAG+KivqkdutMf1UhdNx175w=
gopkg.in/check.v1 v1.0.0-20201130134442-10cb98267c6c h1:Hei/4ADfdWqJk1ZMxUNpqntNwaWcugrBjAiHlqqRiVk=
gopkg.in/inf.v0 v0.9.1 h1:73M5CoZyi3ZLMOyDlQh031Cx6N9NDJ2Vvfl76EDAgDc=
gopkg.in/tomb.v1 v1.0.0-20141024135613-dd632973f1e7 h1:uRGJdciOHaEIrze2W8Q3AKkepLTh2hOroT7a+7czfdQ=
gopkg.in/yaml.v2 v2.4.0 h1:D8xgwECY7CYvx+Y2n4sBz93Jn9JRvxdiyyo8CTfuKaY=
gopkg.in/yaml.v3 v3.0.1 h1:fxVm/GzAzEWqLHuvctI91KS9hhNmmWOoWu0XTYJS7CA=
gotest.tools/v3 v3.0.3 h1:4AuOwCGf4lLR9u3YOe2awrHygurzhO/HeQ6laiA6Sx0=
helm.sh/helm/v3 v3.9.1 h1:i1ChBu5ZB01kMaN2Y4KaC7J6viT58L2pHXWrXJ0Ny58=
k8s.io/api v0.24.3 h1:tt55QEmKd6L2k5DP6G/ZzdMQKvG5ro4H4teClqm0sTY=
k8s.io/apiextensions-apiserver v0.24.3 h1:kyx+Tmro1qEsTUr07ZGQOfvTsF61yn+AxnxytBWq8As=
k8s.io/apimachinery v0.24.3 h1:hrFiNSA2cBZqllakVYyH/VyEh4B581bQRmqATJSeQTg=
k8s.io/apiserver v0.24.3 h1:J8CKjUaZopT0hSgxjzUyp3T1GK78iixxOuFpEC0MI3k=
k8s.io/cli-runtime v0.24.3 h1:O9YvUHrDSCQUPlsqVmaqDrueqjpJ7IO6Yas9B6xGSoo=
k8s.io/client-go v0.24.3 h1:Nl1840+6p4JqkFWEW2LnMKU667BUxw03REfLAVhuKQY=
k8s.io/component-base v0.24.3 h1:u99WjuHYCRJjS1xeLOx72DdRaghuDnuMgueiGMFy1ec=
k8s.io/klog/v2 v2.70.1 h1:7aaoSdahviPmR+XkS7FyxlkkXs6tHISSG03RxleQAVQ=
k8s.io/kube-openapi v0.0.0-20220627174259-011e075b9cb8 h1:yEQKdMCjzAOvGeiTwG4hO/hNVNtDOuUFvMUZ0OlaIzs=
k8s.io/kubectl v0.24.2 h1:+RfQVhth8akUmIc2Ge8krMl/pt66V7210ka3RE/p0J4=
k8s.io/utils v0.0.0-20220728103510-ee6ede2d64ed h1:jAne/RjBTyawwAy0utX5eqigAwz/lQhTmy+Hr/Cpue4=
oras.land/oras-go v1.2.0 h1:yoKosVIbsPoFMqAIFHTnrmOuafHal+J/r+I5bdbVWu4=
sigs.k8s.io/json v0.0.0-20220713155537-f223a00ba0e2 h1:iXTIw73aPyC+oRdyqqvVJuloN1p0AC/kzH07hu3NE+k=
sigs.k8s.io/kustomize/api v0.11.4 h1:/0Mr3kfBBNcNPOW5Qwk/3eb8zkswCwnqQxxKtmrTkRo=
sigs.k8s.io/kustomize/kyaml v0.13.6 h1:eF+wsn4J7GOAXlvajv6OknSunxpcOBQQqsnPxObtkGs=
sigs.k8s.io/structured-merge-diff/v4 v4.2.3 h1:PRbqxJClWWYMNV1dhaG4NsibJbArud9kFxnAMREiWFE=
sigs.k8s.io/yaml v1.3.0 h1:a2VclLzOGrwOHDiV8EfBGhvjHvP46CtW5j6POvhYGGo=
